// !$*UTF8*$!
{
	archiveVersion = 1;
	classes = {
	};
	objectVersion = 56;
	objects = {

/* Begin PBXBuildFile section */
		935CDD0829225BA10025BDD4 /* PlayerViewController.swift in Sources */ = {isa = PBXBuildFile; fileRef = 935CDD0729225BA10025BDD4 /* PlayerViewController.swift */; };
		935CDD0A292265B90025BDD4 /* MediaLibraryCollectionViewController.swift in Sources */ = {isa = PBXBuildFile; fileRef = 935CDD09292265B90025BDD4 /* MediaLibraryCollectionViewController.swift */; };
		935CDD0C2923038D0025BDD4 /* MediaLibrary.swift in Sources */ = {isa = PBXBuildFile; fileRef = 935CDD0B2923038D0025BDD4 /* MediaLibrary.swift */; };
		935CDD0E292316440025BDD4 /* MediaLibraryCollectionViewCell.swift in Sources */ = {isa = PBXBuildFile; fileRef = 935CDD0D292316440025BDD4 /* MediaLibraryCollectionViewCell.swift */; };
		935CDD1329246D580025BDD4 /* ColumnFlowLayout.swift in Sources */ = {isa = PBXBuildFile; fileRef = 935CDD1229246D580025BDD4 /* ColumnFlowLayout.swift */; };
		93761791292678530093B4C1 /* MediaDetailsCollectionViewController.swift in Sources */ = {isa = PBXBuildFile; fileRef = 93761790292678530093B4C1 /* MediaDetailsCollectionViewController.swift */; };
		9376179329267D070093B4C1 /* MediaDetailsCollectionViewCell.swift in Sources */ = {isa = PBXBuildFile; fileRef = 9376179229267D070093B4C1 /* MediaDetailsCollectionViewCell.swift */; };
		93816DD72929511B00393162 /* PhotoViewController.swift in Sources */ = {isa = PBXBuildFile; fileRef = 93816DD62929511B00393162 /* PhotoViewController.swift */; };
		93EDF3832919CDB900D5C29A /* AppDelegate.swift in Sources */ = {isa = PBXBuildFile; fileRef = 93EDF3822919CDB900D5C29A /* AppDelegate.swift */; };
		93EDF3852919CDB900D5C29A /* SceneDelegate.swift in Sources */ = {isa = PBXBuildFile; fileRef = 93EDF3842919CDB900D5C29A /* SceneDelegate.swift */; };
		93EDF3872919CDB900D5C29A /* ViewController.swift in Sources */ = {isa = PBXBuildFile; fileRef = 93EDF3862919CDB900D5C29A /* ViewController.swift */; };
		93EDF38A2919CDB900D5C29A /* Main.storyboard in Resources */ = {isa = PBXBuildFile; fileRef = 93EDF3882919CDB900D5C29A /* Main.storyboard */; };
		93EDF38C2919CDBA00D5C29A /* Assets.xcassets in Resources */ = {isa = PBXBuildFile; fileRef = 93EDF38B2919CDBA00D5C29A /* Assets.xcassets */; };
		93EDF38F2919CDBA00D5C29A /* LaunchScreen.storyboard in Resources */ = {isa = PBXBuildFile; fileRef = 93EDF38D2919CDBA00D5C29A /* LaunchScreen.storyboard */; };
		93EDF3972919CDD600D5C29A /* Camera.swift in Sources */ = {isa = PBXBuildFile; fileRef = 93EDF3962919CDD600D5C29A /* Camera.swift */; };
/* End PBXBuildFile section */

/* Begin PBXFileReference section */
		935CDD0729225BA10025BDD4 /* PlayerViewController.swift */ = {isa = PBXFileReference; lastKnownFileType = sourcecode.swift; path = PlayerViewController.swift; sourceTree = "<group>"; };
		935CDD09292265B90025BDD4 /* MediaLibraryCollectionViewController.swift */ = {isa = PBXFileReference; lastKnownFileType = sourcecode.swift; path = MediaLibraryCollectionViewController.swift; sourceTree = "<group>"; };
		935CDD0B2923038D0025BDD4 /* MediaLibrary.swift */ = {isa = PBXFileReference; lastKnownFileType = sourcecode.swift; path = MediaLibrary.swift; sourceTree = "<group>"; };
		935CDD0D292316440025BDD4 /* MediaLibraryCollectionViewCell.swift */ = {isa = PBXFileReference; lastKnownFileType = sourcecode.swift; path = MediaLibraryCollectionViewCell.swift; sourceTree = "<group>"; };
		935CDD1229246D580025BDD4 /* ColumnFlowLayout.swift */ = {isa = PBXFileReference; lastKnownFileType = sourcecode.swift; path = ColumnFlowLayout.swift; sourceTree = "<group>"; };
		93761790292678530093B4C1 /* MediaDetailsCollectionViewController.swift */ = {isa = PBXFileReference; lastKnownFileType = sourcecode.swift; path = MediaDetailsCollectionViewController.swift; sourceTree = "<group>"; };
		9376179229267D070093B4C1 /* MediaDetailsCollectionViewCell.swift */ = {isa = PBXFileReference; lastKnownFileType = sourcecode.swift; path = MediaDetailsCollectionViewCell.swift; sourceTree = "<group>"; };
		93816DD62929511B00393162 /* PhotoViewController.swift */ = {isa = PBXFileReference; lastKnownFileType = sourcecode.swift; path = PhotoViewController.swift; sourceTree = "<group>"; };
		93EDF37F2919CDB900D5C29A /* CustomCamera.app */ = {isa = PBXFileReference; explicitFileType = wrapper.application; includeInIndex = 0; path = CustomCamera.app; sourceTree = BUILT_PRODUCTS_DIR; };
		93EDF3822919CDB900D5C29A /* AppDelegate.swift */ = {isa = PBXFileReference; lastKnownFileType = sourcecode.swift; path = AppDelegate.swift; sourceTree = "<group>"; };
		93EDF3842919CDB900D5C29A /* SceneDelegate.swift */ = {isa = PBXFileReference; lastKnownFileType = sourcecode.swift; path = SceneDelegate.swift; sourceTree = "<group>"; };
		93EDF3862919CDB900D5C29A /* ViewController.swift */ = {isa = PBXFileReference; lastKnownFileType = sourcecode.swift; path = ViewController.swift; sourceTree = "<group>"; };
		93EDF3892919CDB900D5C29A /* Base */ = {isa = PBXFileReference; lastKnownFileType = file.storyboard; name = Base; path = Base.lproj/Main.storyboard; sourceTree = "<group>"; };
		93EDF38B2919CDBA00D5C29A /* Assets.xcassets */ = {isa = PBXFileReference; lastKnownFileType = folder.assetcatalog; path = Assets.xcassets; sourceTree = "<group>"; };
		93EDF38E2919CDBA00D5C29A /* Base */ = {isa = PBXFileReference; lastKnownFileType = file.storyboard; name = Base; path = Base.lproj/LaunchScreen.storyboard; sourceTree = "<group>"; };
		93EDF3902919CDBA00D5C29A /* Info.plist */ = {isa = PBXFileReference; lastKnownFileType = text.plist.xml; path = Info.plist; sourceTree = "<group>"; };
		93EDF3962919CDD600D5C29A /* Camera.swift */ = {isa = PBXFileReference; lastKnownFileType = sourcecode.swift; path = Camera.swift; sourceTree = "<group>"; };
/* End PBXFileReference section */

/* Begin PBXFrameworksBuildPhase section */
		93EDF37C2919CDB900D5C29A /* Frameworks */ = {
			isa = PBXFrameworksBuildPhase;
			buildActionMask = 2147483647;
			files = (
			);
			runOnlyForDeploymentPostprocessing = 0;
		};
/* End PBXFrameworksBuildPhase section */

/* Begin PBXGroup section */
		935CDD0F292316570025BDD4 /* Model */ = {
			isa = PBXGroup;
			children = (
				935CDD0B2923038D0025BDD4 /* MediaLibrary.swift */,
			);
			path = Model;
			sourceTree = "<group>";
		};
		935CDD10292316660025BDD4 /* VCs */ = {
			isa = PBXGroup;
			children = (
				93EDF3862919CDB900D5C29A /* ViewController.swift */,
				935CDD09292265B90025BDD4 /* MediaLibraryCollectionViewController.swift */,
				93761790292678530093B4C1 /* MediaDetailsCollectionViewController.swift */,
				935CDD0729225BA10025BDD4 /* PlayerViewController.swift */,
				93816DD62929511B00393162 /* PhotoViewController.swift */,
				935CDD11292316880025BDD4 /* Cells */,
			);
			path = VCs;
			sourceTree = "<group>";
		};
		935CDD11292316880025BDD4 /* Cells */ = {
			isa = PBXGroup;
			children = (
				935CDD0D292316440025BDD4 /* MediaLibraryCollectionViewCell.swift */,
				9376179229267D070093B4C1 /* MediaDetailsCollectionViewCell.swift */,
			);
			path = Cells;
			sourceTree = "<group>";
		};
		93816DD82929540000393162 /* Utils */ = {
			isa = PBXGroup;
			children = (
				935CDD1229246D580025BDD4 /* ColumnFlowLayout.swift */,
				93EDF3962919CDD600D5C29A /* Camera.swift */,
			);
			path = Utils;
			sourceTree = "<group>";
		};
		93EDF3762919CDB900D5C29A = {
			isa = PBXGroup;
			children = (
				93EDF3812919CDB900D5C29A /* CustomCamera */,
				93EDF3802919CDB900D5C29A /* Products */,
			);
			sourceTree = "<group>";
		};
		93EDF3802919CDB900D5C29A /* Products */ = {
			isa = PBXGroup;
			children = (
				93EDF37F2919CDB900D5C29A /* CustomCamera.app */,
			);
			name = Products;
			sourceTree = "<group>";
		};
		93EDF3812919CDB900D5C29A /* CustomCamera */ = {
			isa = PBXGroup;
			children = (
				93816DD82929540000393162 /* Utils */,
				935CDD10292316660025BDD4 /* VCs */,
				935CDD0F292316570025BDD4 /* Model */,
				93EDF3822919CDB900D5C29A /* AppDelegate.swift */,
				93EDF3842919CDB900D5C29A /* SceneDelegate.swift */,
				93EDF3882919CDB900D5C29A /* Main.storyboard */,
				93EDF38B2919CDBA00D5C29A /* Assets.xcassets */,
				93EDF38D2919CDBA00D5C29A /* LaunchScreen.storyboard */,
				93EDF3902919CDBA00D5C29A /* Info.plist */,
			);
			path = CustomCamera;
			sourceTree = "<group>";
		};
/* End PBXGroup section */

/* Begin PBXNativeTarget section */
		93EDF37E2919CDB900D5C29A /* CustomCamera */ = {
			isa = PBXNativeTarget;
			buildConfigurationList = 93EDF3932919CDBA00D5C29A /* Build configuration list for PBXNativeTarget "CustomCamera" */;
			buildPhases = (
				93EDF37B2919CDB900D5C29A /* Sources */,
				93EDF37C2919CDB900D5C29A /* Frameworks */,
				93EDF37D2919CDB900D5C29A /* Resources */,
			);
			buildRules = (
			);
			dependencies = (
			);
			name = CustomCamera;
			productName = CustomCamera;
			productReference = 93EDF37F2919CDB900D5C29A /* CustomCamera.app */;
			productType = "com.apple.product-type.application";
		};
/* End PBXNativeTarget section */

/* Begin PBXProject section */
		93EDF3772919CDB900D5C29A /* Project object */ = {
			isa = PBXProject;
			attributes = {
				BuildIndependentTargetsInParallel = 1;
				LastSwiftUpdateCheck = 1410;
				LastUpgradeCheck = 1410;
				TargetAttributes = {
					93EDF37E2919CDB900D5C29A = {
						CreatedOnToolsVersion = 14.1;
					};
				};
			};
			buildConfigurationList = 93EDF37A2919CDB900D5C29A /* Build configuration list for PBXProject "CustomCamera" */;
			compatibilityVersion = "Xcode 14.0";
			developmentRegion = en;
			hasScannedForEncodings = 0;
			knownRegions = (
				en,
				Base,
			);
			mainGroup = 93EDF3762919CDB900D5C29A;
			productRefGroup = 93EDF3802919CDB900D5C29A /* Products */;
			projectDirPath = "";
			projectRoot = "";
			targets = (
				93EDF37E2919CDB900D5C29A /* CustomCamera */,
			);
		};
/* End PBXProject section */

/* Begin PBXResourcesBuildPhase section */
		93EDF37D2919CDB900D5C29A /* Resources */ = {
			isa = PBXResourcesBuildPhase;
			buildActionMask = 2147483647;
			files = (
				93EDF38F2919CDBA00D5C29A /* LaunchScreen.storyboard in Resources */,
				93EDF38C2919CDBA00D5C29A /* Assets.xcassets in Resources */,
				93EDF38A2919CDB900D5C29A /* Main.storyboard in Resources */,
			);
			runOnlyForDeploymentPostprocessing = 0;
		};
/* End PBXResourcesBuildPhase section */

/* Begin PBXSourcesBuildPhase section */
		93EDF37B2919CDB900D5C29A /* Sources */ = {
			isa = PBXSourcesBuildPhase;
			buildActionMask = 2147483647;
			files = (
				935CDD0C2923038D0025BDD4 /* MediaLibrary.swift in Sources */,
				935CDD1329246D580025BDD4 /* ColumnFlowLayout.swift in Sources */,
				93EDF3972919CDD600D5C29A /* Camera.swift in Sources */,
				93EDF3872919CDB900D5C29A /* ViewController.swift in Sources */,
				935CDD0E292316440025BDD4 /* MediaLibraryCollectionViewCell.swift in Sources */,
				93816DD72929511B00393162 /* PhotoViewController.swift in Sources */,
				93EDF3832919CDB900D5C29A /* AppDelegate.swift in Sources */,
				93761791292678530093B4C1 /* MediaDetailsCollectionViewController.swift in Sources */,
				93EDF3852919CDB900D5C29A /* SceneDelegate.swift in Sources */,
				935CDD0A292265B90025BDD4 /* MediaLibraryCollectionViewController.swift in Sources */,
				9376179329267D070093B4C1 /* MediaDetailsCollectionViewCell.swift in Sources */,
				935CDD0829225BA10025BDD4 /* PlayerViewController.swift in Sources */,
			);
			runOnlyForDeploymentPostprocessing = 0;
		};
/* End PBXSourcesBuildPhase section */

/* Begin PBXVariantGroup section */
		93EDF3882919CDB900D5C29A /* Main.storyboard */ = {
			isa = PBXVariantGroup;
			children = (
				93EDF3892919CDB900D5C29A /* Base */,
			);
			name = Main.storyboard;
			sourceTree = "<group>";
		};
		93EDF38D2919CDBA00D5C29A /* LaunchScreen.storyboard */ = {
			isa = PBXVariantGroup;
			children = (
				93EDF38E2919CDBA00D5C29A /* Base */,
			);
			name = LaunchScreen.storyboard;
			sourceTree = "<group>";
		};
/* End PBXVariantGroup section */

/* Begin XCBuildConfiguration section */
		93EDF3912919CDBA00D5C29A /* Debug */ = {
			isa = XCBuildConfiguration;
			buildSettings = {
				ALWAYS_SEARCH_USER_PATHS = NO;
				CLANG_ANALYZER_NONNULL = YES;
				CLANG_ANALYZER_NUMBER_OBJECT_CONVERSION = YES_AGGRESSIVE;
				CLANG_CXX_LANGUAGE_STANDARD = "gnu++20";
				CLANG_ENABLE_MODULES = YES;
				CLANG_ENABLE_OBJC_ARC = YES;
				CLANG_ENABLE_OBJC_WEAK = YES;
				CLANG_WARN_BLOCK_CAPTURE_AUTORELEASING = YES;
				CLANG_WARN_BOOL_CONVERSION = YES;
				CLANG_WARN_COMMA = YES;
				CLANG_WARN_CONSTANT_CONVERSION = YES;
				CLANG_WARN_DEPRECATED_OBJC_IMPLEMENTATIONS = YES;
				CLANG_WARN_DIRECT_OBJC_ISA_USAGE = YES_ERROR;
				CLANG_WARN_DOCUMENTATION_COMMENTS = YES;
				CLANG_WARN_EMPTY_BODY = YES;
				CLANG_WARN_ENUM_CONVERSION = YES;
				CLANG_WARN_INFINITE_RECURSION = YES;
				CLANG_WARN_INT_CONVERSION = YES;
				CLANG_WARN_NON_LITERAL_NULL_CONVERSION = YES;
				CLANG_WARN_OBJC_IMPLICIT_RETAIN_SELF = YES;
				CLANG_WARN_OBJC_LITERAL_CONVERSION = YES;
				CLANG_WARN_OBJC_ROOT_CLASS = YES_ERROR;
				CLANG_WARN_QUOTED_INCLUDE_IN_FRAMEWORK_HEADER = YES;
				CLANG_WARN_RANGE_LOOP_ANALYSIS = YES;
				CLANG_WARN_STRICT_PROTOTYPES = YES;
				CLANG_WARN_SUSPICIOUS_MOVE = YES;
				CLANG_WARN_UNGUARDED_AVAILABILITY = YES_AGGRESSIVE;
				CLANG_WARN_UNREACHABLE_CODE = YES;
				CLANG_WARN__DUPLICATE_METHOD_MATCH = YES;
				COPY_PHASE_STRIP = NO;
				DEBUG_INFORMATION_FORMAT = dwarf;
				ENABLE_STRICT_OBJC_MSGSEND = YES;
				ENABLE_TESTABILITY = YES;
				GCC_C_LANGUAGE_STANDARD = gnu11;
				GCC_DYNAMIC_NO_PIC = NO;
				GCC_NO_COMMON_BLOCKS = YES;
				GCC_OPTIMIZATION_LEVEL = 0;
				GCC_PREPROCESSOR_DEFINITIONS = (
					"DEBUG=1",
					"$(inherited)",
				);
				GCC_WARN_64_TO_32_BIT_CONVERSION = YES;
				GCC_WARN_ABOUT_RETURN_TYPE = YES_ERROR;
				GCC_WARN_UNDECLARED_SELECTOR = YES;
				GCC_WARN_UNINITIALIZED_AUTOS = YES_AGGRESSIVE;
				GCC_WARN_UNUSED_FUNCTION = YES;
				GCC_WARN_UNUSED_VARIABLE = YES;
				IPHONEOS_DEPLOYMENT_TARGET = 16.1;
				MTL_ENABLE_DEBUG_INFO = INCLUDE_SOURCE;
				MTL_FAST_MATH = YES;
				ONLY_ACTIVE_ARCH = YES;
				SDKROOT = iphoneos;
				SWIFT_ACTIVE_COMPILATION_CONDITIONS = DEBUG;
				SWIFT_OPTIMIZATION_LEVEL = "-Onone";
			};
			name = Debug;
		};
		93EDF3922919CDBA00D5C29A /* Release */ = {
			isa = XCBuildConfiguration;
			buildSettings = {
				ALWAYS_SEARCH_USER_PATHS = NO;
				CLANG_ANALYZER_NONNULL = YES;
				CLANG_ANALYZER_NUMBER_OBJECT_CONVERSION = YES_AGGRESSIVE;
				CLANG_CXX_LANGUAGE_STANDARD = "gnu++20";
				CLANG_ENABLE_MODULES = YES;
				CLANG_ENABLE_OBJC_ARC = YES;
				CLANG_ENABLE_OBJC_WEAK = YES;
				CLANG_WARN_BLOCK_CAPTURE_AUTORELEASING = YES;
				CLANG_WARN_BOOL_CONVERSION = YES;
				CLANG_WARN_COMMA = YES;
				CLANG_WARN_CONSTANT_CONVERSION = YES;
				CLANG_WARN_DEPRECATED_OBJC_IMPLEMENTATIONS = YES;
				CLANG_WARN_DIRECT_OBJC_ISA_USAGE = YES_ERROR;
				CLANG_WARN_DOCUMENTATION_COMMENTS = YES;
				CLANG_WARN_EMPTY_BODY = YES;
				CLANG_WARN_ENUM_CONVERSION = YES;
				CLANG_WARN_INFINITE_RECURSION = YES;
				CLANG_WARN_INT_CONVERSION = YES;
				CLANG_WARN_NON_LITERAL_NULL_CONVERSION = YES;
				CLANG_WARN_OBJC_IMPLICIT_RETAIN_SELF = YES;
				CLANG_WARN_OBJC_LITERAL_CONVERSION = YES;
				CLANG_WARN_OBJC_ROOT_CLASS = YES_ERROR;
				CLANG_WARN_QUOTED_INCLUDE_IN_FRAMEWORK_HEADER = YES;
				CLANG_WARN_RANGE_LOOP_ANALYSIS = YES;
				CLANG_WARN_STRICT_PROTOTYPES = YES;
				CLANG_WARN_SUSPICIOUS_MOVE = YES;
				CLANG_WARN_UNGUARDED_AVAILABILITY = YES_AGGRESSIVE;
				CLANG_WARN_UNREACHABLE_CODE = YES;
				CLANG_WARN__DUPLICATE_METHOD_MATCH = YES;
				COPY_PHASE_STRIP = NO;
				DEBUG_INFORMATION_FORMAT = "dwarf-with-dsym";
				ENABLE_NS_ASSERTIONS = NO;
				ENABLE_STRICT_OBJC_MSGSEND = YES;
				GCC_C_LANGUAGE_STANDARD = gnu11;
				GCC_NO_COMMON_BLOCKS = YES;
				GCC_WARN_64_TO_32_BIT_CONVERSION = YES;
				GCC_WARN_ABOUT_RETURN_TYPE = YES_ERROR;
				GCC_WARN_UNDECLARED_SELECTOR = YES;
				GCC_WARN_UNINITIALIZED_AUTOS = YES_AGGRESSIVE;
				GCC_WARN_UNUSED_FUNCTION = YES;
				GCC_WARN_UNUSED_VARIABLE = YES;
				IPHONEOS_DEPLOYMENT_TARGET = 16.1;
				MTL_ENABLE_DEBUG_INFO = NO;
				MTL_FAST_MATH = YES;
				SDKROOT = iphoneos;
				SWIFT_COMPILATION_MODE = wholemodule;
				SWIFT_OPTIMIZATION_LEVEL = "-O";
				VALIDATE_PRODUCT = YES;
			};
			name = Release;
		};
		93EDF3942919CDBA00D5C29A /* Debug */ = {
			isa = XCBuildConfiguration;
			buildSettings = {
				ASSETCATALOG_COMPILER_APPICON_NAME = AppIcon;
				ASSETCATALOG_COMPILER_GLOBAL_ACCENT_COLOR_NAME = AccentColor;
				CODE_SIGN_STYLE = Automatic;
				CURRENT_PROJECT_VERSION = 1;
				DEVELOPMENT_TEAM = VNU8KKW4GG;
				GENERATE_INFOPLIST_FILE = YES;
				INFOPLIST_FILE = CustomCamera/Info.plist;
				INFOPLIST_KEY_NSCameraUsageDescription = "App needs your OK to work";
				INFOPLIST_KEY_NSMicrophoneUsageDescription = "Provide an access to microphore to have sound on videos";
				INFOPLIST_KEY_NSPhotoLibraryUsageDescription = "Give me access and I save your photos";
				INFOPLIST_KEY_UIApplicationSupportsIndirectInputEvents = YES;
				INFOPLIST_KEY_UILaunchStoryboardName = LaunchScreen;
				INFOPLIST_KEY_UIMainStoryboardFile = Main;
				INFOPLIST_KEY_UISupportedInterfaceOrientations_iPad = "UIInterfaceOrientationPortrait UIInterfaceOrientationPortraitUpsideDown UIInterfaceOrientationLandscapeLeft UIInterfaceOrientationLandscapeRight";
				INFOPLIST_KEY_UISupportedInterfaceOrientations_iPhone = "UIInterfaceOrientationPortrait UIInterfaceOrientationLandscapeLeft UIInterfaceOrientationLandscapeRight";
				IPHONEOS_DEPLOYMENT_TARGET = 16.0;
				LD_RUNPATH_SEARCH_PATHS = (
					"$(inherited)",
					"@executable_path/Frameworks",
				);
				MARKETING_VERSION = 1.0;
				PRODUCT_BUNDLE_IDENTIFIER = ua.edu.ukma.dmytrohetman.CustomCamera;
				PRODUCT_NAME = "$(TARGET_NAME)";
				SWIFT_EMIT_LOC_STRINGS = YES;
				SWIFT_VERSION = 5.0;
				TARGETED_DEVICE_FAMILY = "1,2";
			};
			name = Debug;
		};
		93EDF3952919CDBA00D5C29A /* Release */ = {
			isa = XCBuildConfiguration;
			buildSettings = {
				ASSETCATALOG_COMPILER_APPICON_NAME = AppIcon;
				ASSETCATALOG_COMPILER_GLOBAL_ACCENT_COLOR_NAME = AccentColor;
				CODE_SIGN_STYLE = Automatic;
				CURRENT_PROJECT_VERSION = 1;
				DEVELOPMENT_TEAM = VNU8KKW4GG;
				GENERATE_INFOPLIST_FILE = YES;
				INFOPLIST_FILE = CustomCamera/Info.plist;
				INFOPLIST_KEY_NSCameraUsageDescription = "App needs your OK to work";
				INFOPLIST_KEY_NSMicrophoneUsageDescription = "Provide an access to microphore to have sound on videos";
				INFOPLIST_KEY_NSPhotoLibraryUsageDescription = "Give me access and I save your photos";
				INFOPLIST_KEY_UIApplicationSupportsIndirectInputEvents = YES;
				INFOPLIST_KEY_UILaunchStoryboardName = LaunchScreen;
				INFOPLIST_KEY_UIMainStoryboardFile = Main;
				INFOPLIST_KEY_UISupportedInterfaceOrientations_iPad = "UIInterfaceOrientationPortrait UIInterfaceOrientationPortraitUpsideDown UIInterfaceOrientationLandscapeLeft UIInterfaceOrientationLandscapeRight";
				INFOPLIST_KEY_UISupportedInterfaceOrientations_iPhone = "UIInterfaceOrientationPortrait UIInterfaceOrientationLandscapeLeft UIInterfaceOrientationLandscapeRight";
				IPHONEOS_DEPLOYMENT_TARGET = 16.0;
				LD_RUNPATH_SEARCH_PATHS = (
					"$(inherited)",
					"@executable_path/Frameworks",
				);
				MARKETING_VERSION = 1.0;
				PRODUCT_BUNDLE_IDENTIFIER = ua.edu.ukma.dmytrohetman.CustomCamera;
				PRODUCT_NAME = "$(TARGET_NAME)";
				SWIFT_EMIT_LOC_STRINGS = YES;
				SWIFT_VERSION = 5.0;
				TARGETED_DEVICE_FAMILY = "1,2";
			};
			name = Release;
		};
/* End XCBuildConfiguration section */

/* Begin XCConfigurationList section */
		93EDF37A2919CDB900D5C29A /* Build configuration list for PBXProject "CustomCamera" */ = {
			isa = XCConfigurationList;
			buildConfigurations = (
				93EDF3912919CDBA00D5C29A /* Debug */,
				93EDF3922919CDBA00D5C29A /* Release */,
			);
			defaultConfigurationIsVisible = 0;
			defaultConfigurationName = Release;
		};
		93EDF3932919CDBA00D5C29A /* Build configuration list for PBXNativeTarget "CustomCamera" */ = {
			isa = XCConfigurationList;
			buildConfigurations = (
				93EDF3942919CDBA00D5C29A /* Debug */,
				93EDF3952919CDBA00D5C29A /* Release */,
			);
			defaultConfigurationIsVisible = 0;
			defaultConfigurationName = Release;
		};
/* End XCConfigurationList section */
	};
	rootObject = 93EDF3772919CDB900D5C29A /* Project object */;
}
